
Microsoft Visual Studio Solution File, Format Version 12.00
# Visual Studio 15
VisualStudioVersion = 15.0.26124.0
MinimumVisualStudioVersion = 15.0.26124.0
Project("{2150E333-8FDC-42A3-9474-1A3956D46DE8}") = "src", "src", "{AAE6E9D3-DCE7-498F-A693-F62D0D8B158A}"
EndProject
Project("{FAE04EC0-301F-11D3-BF4B-00C04F79EFBC}") = "Connect.Core", "src\Connect.Core\Connect.Core.csproj", "{8D9E718A-B40A-4827-970C-838A4E025C18}"
EndProject
Project("{FAE04EC0-301F-11D3-BF4B-00C04F79EFBC}") = "Connect.Infrastructure", "src\Connect.Infrastructure\Connect.Infrastructure.csproj", "{AE94353A-B295-45C5-87DA-252C53963A35}"
EndProject
Project("{FAE04EC0-301F-11D3-BF4B-00C04F79EFBC}") = "Connect.API", "src\Connect.API\Connect.API.csproj", "{02485D39-92CC-40EC-8FB9-14BDA33FD5CA}"
EndProject
Project("{FAE04EC0-301F-11D3-BF4B-00C04F79EFBC}") = "Connect.SPA", "src\Connect.SPA\Connect.SPA.csproj", "{D90BBBED-542A-4C03-8EA6-6968B77DB4CF}"
EndProject
Project("{2150E333-8FDC-42A3-9474-1A3956D46DE8}") = "test", "test", "{C59686F7-D320-4EB6-88F6-A89F335FC3FB}"
EndProject
Project("{FAE04EC0-301F-11D3-BF4B-00C04F79EFBC}") = "IntegrationTests", "test\IntegrationTests\IntegrationTests.csproj", "{2114FC3F-33F0-4008-B47B-97FB33D5E7C4}"
EndProject
Project("{FAE04EC0-301F-11D3-BF4B-00C04F79EFBC}") = "UnitTests", "test\UnitTests\UnitTests.csproj", "{AD7CDD01-98CE-4873-9EF3-D68FECC8DCF3}"
EndProject
Global
	GlobalSection(SolutionConfigurationPlatforms) = preSolution
		Debug|Any CPU = Debug|Any CPU
		Debug|x64 = Debug|x64
		Debug|x86 = Debug|x86
		Release|Any CPU = Release|Any CPU
		Release|x64 = Release|x64
		Release|x86 = Release|x86
	EndGlobalSection
	GlobalSection(SolutionProperties) = preSolution
		HideSolutionNode = FALSE
	EndGlobalSection
	GlobalSection(ProjectConfigurationPlatforms) = postSolution
		{8D9E718A-B40A-4827-970C-838A4E025C18}.Debug|Any CPU.ActiveCfg = Debug|Any CPU
		{8D9E718A-B40A-4827-970C-838A4E025C18}.Debug|Any CPU.Build.0 = Debug|Any CPU
		{8D9E718A-B40A-4827-970C-838A4E025C18}.Debug|x64.ActiveCfg = Debug|Any CPU
		{8D9E718A-B40A-4827-970C-838A4E025C18}.Debug|x64.Build.0 = Debug|Any CPU
		{8D9E718A-B40A-4827-970C-838A4E025C18}.Debug|x86.ActiveCfg = Debug|Any CPU
		{8D9E718A-B40A-4827-970C-838A4E025C18}.Debug|x86.Build.0 = Debug|Any CPU
		{8D9E718A-B40A-4827-970C-838A4E025C18}.Release|Any CPU.ActiveCfg = Release|Any CPU
		{8D9E718A-B40A-4827-970C-838A4E025C18}.Release|Any CPU.Build.0 = Release|Any CPU
		{8D9E718A-B40A-4827-970C-838A4E025C18}.Release|x64.ActiveCfg = Release|Any CPU
		{8D9E718A-B40A-4827-970C-838A4E025C18}.Release|x64.Build.0 = Release|Any CPU
		{8D9E718A-B40A-4827-970C-838A4E025C18}.Release|x86.ActiveCfg = Release|Any CPU
		{8D9E718A-B40A-4827-970C-838A4E025C18}.Release|x86.Build.0 = Release|Any CPU
		{AE94353A-B295-45C5-87DA-252C53963A35}.Debug|Any CPU.ActiveCfg = Debug|Any CPU
		{AE94353A-B295-45C5-87DA-252C53963A35}.Debug|Any CPU.Build.0 = Debug|Any CPU
		{AE94353A-B295-45C5-87DA-252C53963A35}.Debug|x64.ActiveCfg = Debug|Any CPU
		{AE94353A-B295-45C5-87DA-252C53963A35}.Debug|x64.Build.0 = Debug|Any CPU
		{AE94353A-B295-45C5-87DA-252C53963A35}.Debug|x86.ActiveCfg = Debug|Any CPU
		{AE94353A-B295-45C5-87DA-252C53963A35}.Debug|x86.Build.0 = Debug|Any CPU
		{AE94353A-B295-45C5-87DA-252C53963A35}.Release|Any CPU.ActiveCfg = Release|Any CPU
		{AE94353A-B295-45C5-87DA-252C53963A35}.Release|Any CPU.Build.0 = Release|Any CPU
		{AE94353A-B295-45C5-87DA-252C53963A35}.Release|x64.ActiveCfg = Release|Any CPU
		{AE94353A-B295-45C5-87DA-252C53963A35}.Release|x64.Build.0 = Release|Any CPU
		{AE94353A-B295-45C5-87DA-252C53963A35}.Release|x86.ActiveCfg = Release|Any CPU
		{AE94353A-B295-45C5-87DA-252C53963A35}.Release|x86.Build.0 = Release|Any CPU
		{02485D39-92CC-40EC-8FB9-14BDA33FD5CA}.Debug|Any CPU.ActiveCfg = Debug|Any CPU
		{02485D39-92CC-40EC-8FB9-14BDA33FD5CA}.Debug|Any CPU.Build.0 = Debug|Any CPU
		{02485D39-92CC-40EC-8FB9-14BDA33FD5CA}.Debug|x64.ActiveCfg = Debug|Any CPU
		{02485D39-92CC-40EC-8FB9-14BDA33FD5CA}.Debug|x64.Build.0 = Debug|Any CPU
		{02485D39-92CC-40EC-8FB9-14BDA33FD5CA}.Debug|x86.ActiveCfg = Debug|Any CPU
		{02485D39-92CC-40EC-8FB9-14BDA33FD5CA}.Debug|x86.Build.0 = Debug|Any CPU
		{02485D39-92CC-40EC-8FB9-14BDA33FD5CA}.Release|Any CPU.ActiveCfg = Release|Any CPU
		{02485D39-92CC-40EC-8FB9-14BDA33FD5CA}.Release|Any CPU.Build.0 = Release|Any CPU
		{02485D39-92CC-40EC-8FB9-14BDA33FD5CA}.Release|x64.ActiveCfg = Release|Any CPU
		{02485D39-92CC-40EC-8FB9-14BDA33FD5CA}.Release|x64.Build.0 = Release|Any CPU
		{02485D39-92CC-40EC-8FB9-14BDA33FD5CA}.Release|x86.ActiveCfg = Release|Any CPU
		{02485D39-92CC-40EC-8FB9-14BDA33FD5CA}.Release|x86.Build.0 = Release|Any CPU
		{D90BBBED-542A-4C03-8EA6-6968B77DB4CF}.Debug|Any CPU.ActiveCfg = Debug|Any CPU
		{D90BBBED-542A-4C03-8EA6-6968B77DB4CF}.Debug|Any CPU.Build.0 = Debug|Any CPU
		{D90BBBED-542A-4C03-8EA6-6968B77DB4CF}.Debug|x64.ActiveCfg = Debug|Any CPU
		{D90BBBED-542A-4C03-8EA6-6968B77DB4CF}.Debug|x64.Build.0 = Debug|Any CPU
		{D90BBBED-542A-4C03-8EA6-6968B77DB4CF}.Debug|x86.ActiveCfg = Debug|Any CPU
		{D90BBBED-542A-4C03-8EA6-6968B77DB4CF}.Debug|x86.Build.0 = Debug|Any CPU
		{D90BBBED-542A-4C03-8EA6-6968B77DB4CF}.Release|Any CPU.ActiveCfg = Release|Any CPU
		{D90BBBED-542A-4C03-8EA6-6968B77DB4CF}.Release|Any CPU.Build.0 = Release|Any CPU
		{D90BBBED-542A-4C03-8EA6-6968B77DB4CF}.Release|x64.ActiveCfg = Release|Any CPU
		{D90BBBED-542A-4C03-8EA6-6968B77DB4CF}.Release|x64.Build.0 = Release|Any CPU
		{D90BBBED-542A-4C03-8EA6-6968B77DB4CF}.Release|x86.ActiveCfg = Release|Any CPU
		{D90BBBED-542A-4C03-8EA6-6968B77DB4CF}.Release|x86.Build.0 = Release|Any CPU
		{2114FC3F-33F0-4008-B47B-97FB33D5E7C4}.Debug|Any CPU.ActiveCfg = Debug|Any CPU
		{2114FC3F-33F0-4008-B47B-97FB33D5E7C4}.Debug|Any CPU.Build.0 = Debug|Any CPU
		{2114FC3F-33F0-4008-B47B-97FB33D5E7C4}.Debug|x64.ActiveCfg = Debug|Any CPU
		{2114FC3F-33F0-4008-B47B-97FB33D5E7C4}.Debug|x64.Build.0 = Debug|Any CPU
		{2114FC3F-33F0-4008-B47B-97FB33D5E7C4}.Debug|x86.ActiveCfg = Debug|Any CPU
		{2114FC3F-33F0-4008-B47B-97FB33D5E7C4}.Debug|x86.Build.0 = Debug|Any CPU
		{2114FC3F-33F0-4008-B47B-97FB33D5E7C4}.Release|Any CPU.ActiveCfg = Release|Any CPU
		{2114FC3F-33F0-4008-B47B-97FB33D5E7C4}.Release|Any CPU.Build.0 = Release|Any CPU
		{2114FC3F-33F0-4008-B47B-97FB33D5E7C4}.Release|x64.ActiveCfg = Release|Any CPU
		{2114FC3F-33F0-4008-B47B-97FB33D5E7C4}.Release|x64.Build.0 = Release|Any CPU
		{2114FC3F-33F0-4008-B47B-97FB33D5E7C4}.Release|x86.ActiveCfg = Release|Any CPU
		{2114FC3F-33F0-4008-B47B-97FB33D5E7C4}.Release|x86.Build.0 = Release|Any CPU
		{AD7CDD01-98CE-4873-9EF3-D68FECC8DCF3}.Debug|Any CPU.ActiveCfg = Debug|Any CPU
		{AD7CDD01-98CE-4873-9EF3-D68FECC8DCF3}.Debug|Any CPU.Build.0 = Debug|Any CPU
		{AD7CDD01-98CE-4873-9EF3-D68FECC8DCF3}.Debug|x64.ActiveCfg = Debug|Any CPU
		{AD7CDD01-98CE-4873-9EF3-D68FECC8DCF3}.Debug|x64.Build.0 = Debug|Any CPU
		{AD7CDD01-98CE-4873-9EF3-D68FECC8DCF3}.Debug|x86.ActiveCfg = Debug|Any CPU
		{AD7CDD01-98CE-4873-9EF3-D68FECC8DCF3}.Debug|x86.Build.0 = Debug|Any CPU
		{AD7CDD01-98CE-4873-9EF3-D68FECC8DCF3}.Release|Any CPU.ActiveCfg = Release|Any CPU
		{AD7CDD01-98CE-4873-9EF3-D68FECC8DCF3}.Release|Any CPU.Build.0 = Release|Any CPU
		{AD7CDD01-98CE-4873-9EF3-D68FECC8DCF3}.Release|x64.ActiveCfg = Release|Any CPU
		{AD7CDD01-98CE-4873-9EF3-D68FECC8DCF3}.Release|x64.Build.0 = Release|Any CPU
		{AD7CDD01-98CE-4873-9EF3-D68FECC8DCF3}.Release|x86.ActiveCfg = Release|Any CPU
		{AD7CDD01-98CE-4873-9EF3-D68FECC8DCF3}.Release|x86.Build.0 = Release|Any CPU
	EndGlobalSection
	GlobalSection(NestedProjects) = preSolution
		{8D9E718A-B40A-4827-970C-838A4E025C18} = {AAE6E9D3-DCE7-498F-A693-F62D0D8B158A}
		{AE94353A-B295-45C5-87DA-252C53963A35} = {AAE6E9D3-DCE7-498F-A693-F62D0D8B158A}
		{02485D39-92CC-40EC-8FB9-14BDA33FD5CA} = {AAE6E9D3-DCE7-498F-A693-F62D0D8B158A}
		{D90BBBED-542A-4C03-8EA6-6968B77DB4CF} = {AAE6E9D3-DCE7-498F-A693-F62D0D8B158A}
		{2114FC3F-33F0-4008-B47B-97FB33D5E7C4} = {C59686F7-D320-4EB6-88F6-A89F335FC3FB}
		{AD7CDD01-98CE-4873-9EF3-D68FECC8DCF3} = {C59686F7-D320-4EB6-88F6-A89F335FC3FB}
	EndGlobalSection
EndGlobal
